
Microsoft Visual Studio Solution File, Format Version 12.00
# Visual Studio 14
VisualStudioVersion = 14.0.25420.1
MinimumVisualStudioVersion = 10.0.40219.1
Project("{8BC9CEB8-8B4A-11D0-8D11-00A0C91BC942}") = "opencv_cascde", "opencv_cascde\opencv_cascde.vcxproj", "{8ADE3318-43AF-4EC1-9474-6B2A94705B3A}"
EndProject
Project("{8BC9CEB8-8B4A-11D0-8D11-00A0C91BC942}") = "opencv_cascde_camera", "opencv_cascde_camera\opencv_cascde_camera.vcxproj", "{97A12AEB-7BB6-44BC-A0F9-528EC1C2FF44}"
EndProject
Project("{8BC9CEB8-8B4A-11D0-8D11-00A0C91BC942}") = "opencv_haar_lbp_image", "opencv_harr_lbp_image\opencv_harr_lbp_image.vcxproj", "{87D99B35-9BB8-468D-917F-8A9F9672865C}"
EndProject
Project("{8BC9CEB8-8B4A-11D0-8D11-00A0C91BC942}") = "opencv_haar_lbp_video", "opencv_haar_lbp_video\opencv_haar_lbp_video.vcxproj", "{18E54C8A-CE93-4695-8FA4-3CB1C6F64901}"
EndProject
Project("{8BC9CEB8-8B4A-11D0-8D11-00A0C91BC942}") = "opencv_cat_image", "opencv_cat_image\opencv_cat_image.vcxproj", "{30143BF0-A071-44D0-BB03-B3B76968D61C}"
EndProject
Project("{8BC9CEB8-8B4A-11D0-8D11-00A0C91BC942}") = "opencv_face_eye_video", "opencv_face_eye_video\opencv_face_eye_video.vcxproj", "{A773765A-5EE5-45F0-9A9F-CAFE9A744D7F}"
EndProject
Global
	GlobalSection(SolutionConfigurationPlatforms) = preSolution
		Debug|x64 = Debug|x64
		Debug|x86 = Debug|x86
		Release|x64 = Release|x64
		Release|x86 = Release|x86
	EndGlobalSection
	GlobalSection(ProjectConfigurationPlatforms) = postSolution
		{8ADE3318-43AF-4EC1-9474-6B2A94705B3A}.Debug|x64.ActiveCfg = Debug|x64
		{8ADE3318-43AF-4EC1-9474-6B2A94705B3A}.Debug|x64.Build.0 = Debug|x64
		{8ADE3318-43AF-4EC1-9474-6B2A94705B3A}.Debug|x86.ActiveCfg = Debug|Win32
		{8ADE3318-43AF-4EC1-9474-6B2A94705B3A}.Debug|x86.Build.0 = Debug|Win32
		{8ADE3318-43AF-4EC1-9474-6B2A94705B3A}.Release|x64.ActiveCfg = Release|x64
		{8ADE3318-43AF-4EC1-9474-6B2A94705B3A}.Release|x64.Build.0 = Release|x64
		{8ADE3318-43AF-4EC1-9474-6B2A94705B3A}.Release|x86.ActiveCfg = Release|Win32
		{8ADE3318-43AF-4EC1-9474-6B2A94705B3A}.Release|x86.Build.0 = Release|Win32
		{97A12AEB-7BB6-44BC-A0F9-528EC1C2FF44}.Debug|x64.ActiveCfg = Debug|x64
		{97A12AEB-7BB6-44BC-A0F9-528EC1C2FF44}.Debug|x64.Build.0 = Debug|x64
		{97A12AEB-7BB6-44BC-A0F9-528EC1C2FF44}.Debug|x86.ActiveCfg = Debug|Win32
		{97A12AEB-7BB6-44BC-A0F9-528EC1C2FF44}.Debug|x86.Build.0 = Debug|Win32
		{97A12AEB-7BB6-44BC-A0F9-528EC1C2FF44}.Release|x64.ActiveCfg = Release|x64
		{97A12AEB-7BB6-44BC-A0F9-528EC1C2FF44}.Release|x64.Build.0 = Release|x64
		{97A12AEB-7BB6-44BC-A0F9-528EC1C2FF44}.Release|x86.ActiveCfg = Release|Win32
		{97A12AEB-7BB6-44BC-A0F9-528EC1C2FF44}.Release|x86.Build.0 = Release|Win32
		{87D99B35-9BB8-468D-917F-8A9F9672865C}.Debug|x64.ActiveCfg = Debug|x64
		{87D99B35-9BB8-468D-917F-8A9F9672865C}.Debug|x64.Build.0 = Debug|x64
		{87D99B35-9BB8-468D-917F-8A9F9672865C}.Debug|x86.ActiveCfg = Debug|Win32
		{87D99B35-9BB8-468D-917F-8A9F9672865C}.Debug|x86.Build.0 = Debug|Win32
		{87D99B35-9BB8-468D-917F-8A9F9672865C}.Release|x64.ActiveCfg = Release|x64
		{87D99B35-9BB8-468D-917F-8A9F9672865C}.Release|x64.Build.0 = Release|x64
		{87D99B35-9BB8-468D-917F-8A9F9672865C}.Release|x86.ActiveCfg = Release|Win32
		{87D99B35-9BB8-468D-917F-8A9F9672865C}.Release|x86.Build.0 = Release|Win32
		{18E54C8A-CE93-4695-8FA4-3CB1C6F64901}.Debug|x64.ActiveCfg = Debug|x64
		{18E54C8A-CE93-4695-8FA4-3CB1C6F64901}.Debug|x64.Build.0 = Debug|x64
		{18E54C8A-CE93-4695-8FA4-3CB1C6F64901}.Debug|x86.ActiveCfg = Debug|Win32
		{18E54C8A-CE93-4695-8FA4-3CB1C6F64901}.Debug|x86.Build.0 = Debug|Win32
		{18E54C8A-CE93-4695-8FA4-3CB1C6F64901}.Release|x64.ActiveCfg = Release|x64
		{18E54C8A-CE93-4695-8FA4-3CB1C6F64901}.Release|x64.Build.0 = Release|x64
		{18E54C8A-CE93-4695-8FA4-3CB1C6F64901}.Release|x86.ActiveCfg = Release|Win32
		{18E54C8A-CE93-4695-8FA4-3CB1C6F64901}.Release|x86.Build.0 = Release|Win32
		{30143BF0-A071-44D0-BB03-B3B76968D61C}.Debug|x64.ActiveCfg = Debug|x64
		{30143BF0-A071-44D0-BB03-B3B76968D61C}.Debug|x64.Build.0 = Debug|x64
		{30143BF0-A071-44D0-BB03-B3B76968D61C}.Debug|x86.ActiveCfg = Debug|Win32
		{30143BF0-A071-44D0-BB03-B3B76968D61C}.Debug|x86.Build.0 = Debug|Win32
		{30143BF0-A071-44D0-BB03-B3B76968D61C}.Release|x64.ActiveCfg = Release|x64
		{30143BF0-A071-44D0-BB03-B3B76968D61C}.Release|x64.Build.0 = Release|x64
		{30143BF0-A071-44D0-BB03-B3B76968D61C}.Release|x86.ActiveCfg = Release|Win32
		{30143BF0-A071-44D0-BB03-B3B76968D61C}.Release|x86.Build.0 = Release|Win32
		{A773765A-5EE5-45F0-9A9F-CAFE9A744D7F}.Debug|x64.ActiveCfg = Debug|x64
		{A773765A-5EE5-45F0-9A9F-CAFE9A744D7F}.Debug|x64.Build.0 = Debug|x64
		{A773765A-5EE5-45F0-9A9F-CAFE9A744D7F}.Debug|x86.ActiveCfg = Debug|Win32
		{A773765A-5EE5-45F0-9A9F-CAFE9A744D7F}.Debug|x86.Build.0 = Debug|Win32
		{A773765A-5EE5-45F0-9A9F-CAFE9A744D7F}.Release|x64.ActiveCfg = Release|x64
		{A773765A-5EE5-45F0-9A9F-CAFE9A744D7F}.Release|x64.Build.0 = Release|x64
		{A773765A-5EE5-45F0-9A9F-CAFE9A744D7F}.Release|x86.ActiveCfg = Release|Win32
		{A773765A-5EE5-45F0-9A9F-CAFE9A744D7F}.Release|x86.Build.0 = Release|Win32
	EndGlobalSection
	GlobalSection(SolutionProperties) = preSolution
		HideSolutionNode = FALSE
	EndGlobalSection
EndGlobal
